Microsoft Visual Studio Solution File, Format Version 11.00
# Visual Studio 2008

Project("{D0151913-FCD2-7165-D629-913B784AC7D6}") = "Gentlemans Duel", "Assembly-CSharp.csproj", "{D5F50B8C-6699-A86C-4726-F33EB8B58547}"
EndProject
Project("{D0151913-FCD2-7165-D629-913B784AC7D6}") = "Gentlemans Duel", "Assembly-UnityScript.unityproj", "{CCB31269-DFF6-4549-5AC0-087E070456A2}"
EndProject
Global
	GlobalSection(SolutionConfigurationPlatforms) = preSolution
		Debug|Any CPU = Debug|Any CPU
		Release|Any CPU = Release|Any CPU
	EndGlobalSection
	GlobalSection(ProjectConfigurationPlatforms) = postSolution
		{D5F50B8C-6699-A86C-4726-F33EB8B58547}.Debug|Any CPU.ActiveCfg = Debug|Any CPU
		{D5F50B8C-6699-A86C-4726-F33EB8B58547}.Debug|Any CPU.Build.0 = Debug|Any CPU
		{D5F50B8C-6699-A86C-4726-F33EB8B58547}.Release|Any CPU.ActiveCfg = Release|Any CPU
		{D5F50B8C-6699-A86C-4726-F33EB8B58547}.Release|Any CPU.Build.0 = Release|Any CPU
		{CCB31269-DFF6-4549-5AC0-087E070456A2}.Debug|Any CPU.ActiveCfg = Debug|Any CPU
		{CCB31269-DFF6-4549-5AC0-087E070456A2}.Debug|Any CPU.Build.0 = Debug|Any CPU
		{CCB31269-DFF6-4549-5AC0-087E070456A2}.Release|Any CPU.ActiveCfg = Release|Any CPU
		{CCB31269-DFF6-4549-5AC0-087E070456A2}.Release|Any CPU.Build.0 = Release|Any CPU
	EndGlobalSection
	GlobalSection(SolutionProperties) = preSolution
		HideSolutionNode = FALSE
	EndGlobalSection
																																																														GlobalSection(MonoDevelopProperties) = preSolution
		StartupItem = Assembly-CSharp.csproj
		Policies = $0
		$0.TextStylePolicy = $1
		$1.inheritsSet = null
		$1.scope = text/x-csharp
		$0.CSharpFormattingPolicy = $2
		$2.inheritsSet = Mono
		$2.inheritsScope = text/x-csharp
		$2.scope = text/x-csharp
		$0.TextStylePolicy = $3
		$3.FileWidth = 120
		$3.TabWidth = 4
		$3.EolMarker = Unix
		$3.inheritsSet = Mono
		$3.inheritsScope = text/plain
		$3.scope = text/plain
	EndGlobalSection

EndGlobal
